{
  "name": "3d-pipes",
  "version": "1.0.0",
  "lockfileVersion": 1,
  "requires": true,
  "dependencies": {
    "gsap": {
      "version": "3.3.1",
      "resolved": "https://registry.npmjs.org/gsap/-/gsap-3.3.1.tgz",
      "integrity": "sha512-jTR6bZKCkB9toO/8Mq2FWIMKjoOgOWjGAeO9SJHTGk0UnGn3C7ViN9QeNzY7Za1QmQ6NWG+ud6MB4e4L23qWMg=="
    },
    "three": {
      "version": "0.117.1",
      "resolved": "https://registry.npmjs.org/three/-/three-0.117.1.tgz",
      "integrity": "sha512-t4zeJhlNzUIj9+ub0l6nICVimSuRTZJOqvk3Rmlu+YGdTOJ49Wna8p7aumpkXJakJfITiybfpYE1XN1o1Z34UQ=="
    },
    "threejs-utils": {
      "version": "0.1.3",
      "resolved": "https://registry.npmjs.org/threejs-utils/-/threejs-utils-0.1.3.tgz",
      "integrity": "sha1-foIGr/6mwTpPME/bG8egWW8yW2w=",
      "dev": true
    }
  }
}
